
Microsoft Visual Studio Solution File, Format Version 12.00
# Visual Studio Version 17
VisualStudioVersion = 17.6.33723.286
MinimumVisualStudioVersion = 10.0.40219.1
Project("{9092AA53-FB77-4645-B42D-1CCCA6BD08BD}") = "NodeZeroProj", "NodeZeroProj.njsproj", "{E8B36240-3CD2-4103-9D64-A030E6F4BD7D}"
EndProject
Global
	GlobalSection(SolutionConfigurationPlatforms) = preSolution
		Debug|Any CPU = Debug|Any CPU
		Release|Any CPU = Release|Any CPU
	EndGlobalSection
	GlobalSection(ProjectConfigurationPlatforms) = postSolution
		{E8B36240-3CD2-4103-9D64-A030E6F4BD7D}.Debug|Any CPU.ActiveCfg = Debug|Any CPU
		{E8B36240-3CD2-4103-9D64-A030E6F4BD7D}.Debug|Any CPU.Build.0 = Debug|Any CPU
		{E8B36240-3CD2-4103-9D64-A030E6F4BD7D}.Release|Any CPU.ActiveCfg = Release|Any CPU
		{E8B36240-3CD2-4103-9D64-A030E6F4BD7D}.Release|Any CPU.Build.0 = Release|Any CPU
	EndGlobalSection
	GlobalSection(SolutionProperties) = preSolution
		HideSolutionNode = FALSE
	EndGlobalSection
	GlobalSection(ExtensibilityGlobals) = postSolution
		SolutionGuid = {80E6A3BF-D2C0-4379-8CC5-75D02FD287B6}
	EndGlobalSection
EndGlobal
